<?xml version="1.0" encoding="utf-8"?>
<Project ToolsVersion="4.0" xmlns="http://schemas.microsoft.com/developer/msbuild/2003">
  <ItemGroup>
    <Filter Include="Arquivos de Origem">
      <UniqueIdentifier>{4FC737F1-C7A5-4376-A066-2A32D752A2FF}</UniqueIdentifier>
      <Extensions>cpp;c;cc;cxx;c++;cppm;ixx;def;odl;idl;hpj;bat;asm;asmx</Extensions>
    </Filter>
    <Filter Include="Arquivos de Cabeçalho">
      <UniqueIdentifier>{93995380-89BD-4b04-88EB-625FBE52EBFB}</UniqueIdentifier>
      <Extensions>h;hh;hpp;hxx;h++;hm;inl;inc;ipp;xsd</Extensions>
    </Filter>
    <Filter Include="Arquivos de Recurso">
      <UniqueIdentifier>{67DA6AB6-F800-4c08-8B7A-83BB121AAD01}</UniqueIdentifier>
      <Extensions>rc;ico;cur;bmp;dlg;rc2;rct;bin;rgs;gif;jpg;jpeg;jpe;resx;tiff;tif;png;wav;mfcribbon-ms</Extensions>
    </Filter>
  </ItemGroup>
  <ItemGroup>
    <ClInclude Include="framework.h">
      <Filter>Arquivos de Cabeçalho</Filter>
    </ClInclude>
    <ClInclude Include="targetver.h">
      <Filter>Arquivos de Cabeçalho</Filter>
    </ClInclude>
    <ClInclude Include="Resource.h">
      <Filter>Arquivos de Cabeçalho</Filter>
    </ClInclude>
    <ClInclude Include="Projeto1Micros1.0.h">
      <Filter>Arquivos de Cabeçalho</Filter>
    </ClInclude>
  </ItemGroup>
  <ItemGroup>
    <ClCompile Include="Projeto1Micros1.0.cpp">
      <Filter>Arquivos de Origem</Filter>
    </ClCompile>
  </ItemGroup>
  <ItemGroup>
    <ResourceCompile Include="Projeto1Micros1.0.rc">
      <Filter>Arquivos de Recurso</Filter>
    </ResourceCompile>
  </ItemGroup>
  <ItemGroup>
    <Image Include="small.ico">
      <Filter>Arquivos de Recurso</Filter>
    </Image>
    <Image Include="Projeto1Micros1.0.ico">
      <Filter>Arquivos de Recurso</Filter>
    </Image>
    <Image Include="bitmap1.bmp">
      <Filter>Arquivos de Recurso</Filter>
    </Image>
    <Image Include="icon1.ico">
      <Filter>Arquivos de Recurso</Filter>
    </Image>
    <Image Include="icon2.ico">
      <Filter>Arquivos de Recurso</Filter>
    </Image>
    <Image Include="..\..\OneDrive\Imagens\Micros II.bmp">
      <Filter>Arquivos de Recurso</Filter>
    </Image>
    <Image Include="..\..\onedrive\imagens\icon3.ico">
      <Filter>Arquivos de Recurso</Filter>
    </Image>
    <Image Include="..\..\onedrive\imagens\icon4.ico">
      <Filter>Arquivos de Recurso</Filter>
    </Image>
    <Image Include="..\..\OneDrive\Imagens\cabecalho.bmp">
      <Filter>Arquivos de Recurso</Filter>
    </Image>
    <Image Include="..\..\onedrive\imagens\bitmap2.bmp">
      <Filter>Arquivos de Recurso</Filter>
    </Image>
    <Image Include="..\..\OneDrive\Imagens\sorvete1.bmp">
      <Filter>Arquivos de Recurso</Filter>
    </Image>
    <Image Include="..\..\OneDrive\Imagens\sorvete2.bmp">
      <Filter>Arquivos de Recurso</Filter>
    </Image>
    <Image Include="..\..\OneDrive\Imagens\Imagens Bitmap - Micros II\TANQUE.bmp">
      <Filter>Arquivos de Recurso</Filter>
    </Image>
    <Image Include="..\..\onedrive\imagens\bitmap1.bmp">
      <Filter>Arquivos de Recurso</Filter>
    </Image>
    <Image Include="..\..\OneDrive\Imagens\Imagens Bitmap - Micros II\TANQUEMISTURA.bmp">
      <Filter>Arquivos de Recurso</Filter>
    </Image>
    <Image Include="..\..\OneDrive\Imagens\Imagens Bitmap - Micros II\ESTEIRA.bmp">
      <Filter>Arquivos de Recurso</Filter>
    </Image>
    <Image Include="..\..\OneDrive\Imagens\Imagens Bitmap - Micros II\LOGO.bmp">
      <Filter>Arquivos de Recurso</Filter>
    </Image>
    <Image Include="..\..\OneDrive\Imagens\Imagens Bitmap - Micros II\GOTAS.bmp">
      <Filter>Arquivos de Recurso</Filter>
    </Image>
    <Image Include="..\..\OneDrive\Imagens\Imagens Bitmap - Micros II\POTE.bmp">
      <Filter>Arquivos de Recurso</Filter>
    </Image>
    <Image Include="..\..\OneDrive\Imagens\Imagens Bitmap - Micros II\CANO1.bmp">
      <Filter>Arquivos de Recurso</Filter>
    </Image>
    <Image Include="..\..\OneDrive\Imagens\Imagens Bitmap - Micros II\CANO2.bmp">
      <Filter>Arquivos de Recurso</Filter>
    </Image>
    <Image Include="..\..\OneDrive\Imagens\Imagens Bitmap - Micros II\CANOTESTE.bmp">
      <Filter>Arquivos de Recurso</Filter>
    </Image>
    <Image Include="..\..\OneDrive\Imagens\Imagens Bitmap - Micros II\CANOTESTE2.bmp">
      <Filter>Arquivos de Recurso</Filter>
    </Image>
    <Image Include="..\..\OneDrive\Imagens\Imagens Bitmap - Micros II\SPLASH.bmp">
      <Filter>Arquivos de Recurso</Filter>
    </Image>
    <Image Include="..\..\OneDrive\Imagens\Imagens Bitmap - Micros II\TERMOMETRO.bmp">
      <Filter>Arquivos de Recurso</Filter>
    </Image>
  </ItemGroup>
  <ItemGroup>
    <None Include="cpp.hint" />
  </ItemGroup>
</Project>