<?xml version="1.0" encoding="utf-8"?>
<Project ToolsVersion="4.0" xmlns="http://schemas.microsoft.com/developer/msbuild/2003">
  <ItemGroup>
    <Filter Include="Arquivos de Origem">
      <UniqueIdentifier>{4FC737F1-C7A5-4376-A066-2A32D752A2FF}</UniqueIdentifier>
      <Extensions>cpp;c;cc;cxx;c++;cppm;ixx;def;odl;idl;hpj;bat;asm;asmx</Extensions>
    </Filter>
    <Filter Include="Arquivos de Cabeçalho">
      <UniqueIdentifier>{93995380-89BD-4b04-88EB-625FBE52EBFB}</UniqueIdentifier>
      <Extensions>h;hh;hpp;hxx;h++;hm;inl;inc;ipp;xsd</Extensions>
    </Filter>
    <Filter Include="Arquivos de Recurso">
      <UniqueIdentifier>{67DA6AB6-F800-4c08-8B7A-83BB121AAD01}</UniqueIdentifier>
      <Extensions>rc;ico;cur;bmp;dlg;rc2;rct;bin;rgs;gif;jpg;jpeg;jpe;resx;tiff;tif;png;wav;mfcribbon-ms</Extensions>
    </Filter>
  </ItemGroup>
  <ItemGroup>
    <ClInclude Include="framework.h">
      <Filter>Arquivos de Cabeçalho</Filter>
    </ClInclude>
    <ClInclude Include="targetver.h">
      <Filter>Arquivos de Cabeçalho</Filter>
    </ClInclude>
    <ClInclude Include="Resource.h">
      <Filter>Arquivos de Cabeçalho</Filter>
    </ClInclude>
    <ClInclude Include="WindowsProject.h">
      <Filter>Arquivos de Cabeçalho</Filter>
    </ClInclude>
    <ClInclude Include="SerialPort.h">
      <Filter>Arquivos de Origem</Filter>
    </ClInclude>
    <ClInclude Include="SimulatorProtocol.h">
      <Filter>Arquivos de Origem</Filter>
    </ClInclude>
  </ItemGroup>
  <ItemGroup>
    <ClCompile Include="WindowsProject.cpp">
      <Filter>Arquivos de Origem</Filter>
    </ClCompile>
    <ClCompile Include="SerialPort.cpp">
      <Filter>Arquivos de Origem</Filter>
    </ClCompile>
    <ClCompile Include="SimulatorProtocol.cpp">
      <Filter>Arquivos de Origem</Filter>
    </ClCompile>
  </ItemGroup>
  <ItemGroup>
    <ResourceCompile Include="WindowsProject.rc">
      <Filter>Arquivos de Recurso</Filter>
    </ResourceCompile>
  </ItemGroup>
  <ItemGroup>
    <Image Include="small.ico">
      <Filter>Arquivos de Recurso</Filter>
    </Image>
    <Image Include="WindowsProject.ico">
      <Filter>Arquivos de Recurso</Filter>
    </Image>
    <Image Include="icon1.ico">
      <Filter>Arquivos de Recurso</Filter>
    </Image>
    <Image Include="..\icone_32x32.png">
      <Filter>Arquivos de Recurso</Filter>
    </Image>
    <Image Include="..\icone.png">
      <Filter>Arquivos de Recurso</Filter>
    </Image>
    <Image Include="..\icone_pequeno.ico">
      <Filter>Arquivos de Recurso</Filter>
    </Image>
    <Image Include="..\icone.ico">
      <Filter>Arquivos de Recurso</Filter>
    </Image>
    <Image Include="..\tanquebase.png">
      <Filter>Arquivos de Recurso</Filter>
    </Image>
    <Image Include="..\tanquebase.bmp">
      <Filter>Arquivos de Recurso</Filter>
    </Image>
    <Image Include="..\Esteira.bmp">
      <Filter>Arquivos de Recurso</Filter>
    </Image>
    <Image Include="..\pote.bmp">
      <Filter>Arquivos de Recurso</Filter>
    </Image>
    <Image Include="..\pote.png">
      <Filter>Arquivos de Recurso</Filter>
    </Image>
    <Image Include="..\TANQUE.bmp">
      <Filter>Arquivos de Recurso</Filter>
    </Image>
    <Image Include="..\TANQUEMISTURA.bmp">
      <Filter>Arquivos de Recurso</Filter>
    </Image>
    <Image Include="..\CANO1.bmp">
      <Filter>Arquivos de Recurso</Filter>
    </Image>
    <Image Include="..\CANOTESTE.bmp">
      <Filter>Arquivos de Recurso</Filter>
    </Image>
    <Image Include="..\CANOTESTE2.bmp">
      <Filter>Arquivos de Recurso</Filter>
    </Image>
    <Image Include="..\valvula_cruz.bmp">
      <Filter>Arquivos de Recurso</Filter>
    </Image>
    <Image Include="..\valvula_x.bmp">
      <Filter>Arquivos de Recurso</Filter>
    </Image>
    <Image Include="..\VALVULAFECHADA.bmp">
      <Filter>Arquivos de Recurso</Filter>
    </Image>
    <Image Include="..\VALVULAABERTA.bmp">
      <Filter>Arquivos de Recurso</Filter>
    </Image>
    <Image Include="..\icone_.ico">
      <Filter>Arquivos de Recurso</Filter>
    </Image>
    <Image Include="..\animacao.gif">
      <Filter>Arquivos de Recurso</Filter>
    </Image>
    <Image Include="..\MIX1.bmp">
      <Filter>Arquivos de Recurso</Filter>
    </Image>
    <Image Include="..\MIX2.bmp">
      <Filter>Arquivos de Recurso</Filter>
    </Image>
    <Image Include="..\SPLASH.bmp">
      <Filter>Arquivos de Recurso</Filter>
    </Image>
    <Image Include="..\GOTAS.bmp">
      <Filter>Arquivos de Recurso</Filter>
    </Image>
    <Image Include="..\LOGO.bmp">
      <Filter>Arquivos de Recurso</Filter>
    </Image>
    <Image Include="..\warning.bmp">
      <Filter>Arquivos de Recurso</Filter>
    </Image>
  </ItemGroup>
</Project>